{
    "name": "simple-project",
    "version": "1.0.0",
    "lockfileVersion": 1,
    "requires": true,
    "dependencies": {
      "express": {
        "version": "4.17.1",
        "resolved": "https://registry.npmjs.org/express/-/express-4.17.1.tgz",
        "integrity": "sha512-hqPfheaAT6P2/yRVS2LpLsizGlqjBhCzKMjDyZo5ei2Kse9TYDng9RuwkgTuThqu5oshZqO8GIqVychU6D2QTg=="
      }
    }
  }
  